
Microsoft Visual Studio Solution File, Format Version 12.00
# Visual Studio Version 17
VisualStudioVersion = 17.14.36301.6 d17.14
MinimumVisualStudioVersion = 10.0.40219.1
Project("{FAE04EC0-301F-11D3-BF4B-00C04F79EFBC}") = "FoodCommerce1", "FoodCommerce1\FoodCommerce1.csproj", "{14A9C19A-3D10-4B04-96F5-74F7181B045F}"
EndProject
Global
	GlobalSection(SolutionConfigurationPlatforms) = preSolution
		Debug|Any CPU = Debug|Any CPU
		Release|Any CPU = Release|Any CPU
	EndGlobalSection
	GlobalSection(ProjectConfigurationPlatforms) = postSolution
		{14A9C19A-3D10-4B04-96F5-74F7181B045F}.Debug|Any CPU.ActiveCfg = Debug|Any CPU
		{14A9C19A-3D10-4B04-96F5-74F7181B045F}.Debug|Any CPU.Build.0 = Debug|Any CPU
		{14A9C19A-3D10-4B04-96F5-74F7181B045F}.Release|Any CPU.ActiveCfg = Release|Any CPU
		{14A9C19A-3D10-4B04-96F5-74F7181B045F}.Release|Any CPU.Build.0 = Release|Any CPU
	EndGlobalSection
	GlobalSection(SolutionProperties) = preSolution
		HideSolutionNode = FALSE
	EndGlobalSection
	GlobalSection(ExtensibilityGlobals) = postSolution
		SolutionGuid = {5DC0E0BE-C75D-434B-9526-EAAA061A8DC6}
	EndGlobalSection
EndGlobal
